# This file is automatically @generated by Cargo.
# It is not intended for manual editing.
version = 4

[[package]]
name = "use-font-size"
version = "0.0.1"

[[package]]
name = "use-line-height"
version = "0.0.1"

[[package]]
name = "use-measure"
version = "0.0.1"

[[package]]
name = "use-modular-scale"
version = "0.0.1"

[[package]]
name = "use-spacing-scale"
version = "0.0.1"

[[package]]
name = "use-text-block"
version = "0.0.1"

[[package]]
name = "use-type-rhythm"
version = "0.0.1"

[[package]]
name = "use-type-unit"
version = "0.0.1"

[[package]]
name = "use-typography"
version = "0.0.1"
dependencies = [
 "use-font-size",
 "use-line-height",
 "use-measure",
 "use-modular-scale",
 "use-spacing-scale",
 "use-text-block",
 "use-type-rhythm",
 "use-type-unit",
]
